// !$*UTF8*$!
{
	archiveVersion = 1;
	classes = {
	};
	objectVersion = 55;
	objects = {

/* Begin PBXBuildFile section */
		842932FB28B2DC4C0093DE24 /* AppDelegate.swift in Sources */ = {isa = PBXBuildFile; fileRef = 842932FA28B2DC4C0093DE24 /* AppDelegate.swift */; };
		842932FD28B2DC4C0093DE24 /* SceneDelegate.swift in Sources */ = {isa = PBXBuildFile; fileRef = 842932FC28B2DC4C0093DE24 /* SceneDelegate.swift */; };
		842932FF28B2DC4C0093DE24 /* ViewController.swift in Sources */ = {isa = PBXBuildFile; fileRef = 842932FE28B2DC4C0093DE24 /* ViewController.swift */; };
		8429330228B2DC4C0093DE24 /* Main.storyboard in Resources */ = {isa = PBXBuildFile; fileRef = 8429330028B2DC4C0093DE24 /* Main.storyboard */; };
		8429330528B2DC4C0093DE24 /* ErzengelMichael.xcdatamodeld in Sources */ = {isa = PBXBuildFile; fileRef = 8429330328B2DC4C0093DE24 /* ErzengelMichael.xcdatamodeld */; };
		8429330728B2DC4E0093DE24 /* Assets.xcassets in Resources */ = {isa = PBXBuildFile; fileRef = 8429330628B2DC4E0093DE24 /* Assets.xcassets */; };
		8429330A28B2DC4E0093DE24 /* LaunchScreen.storyboard in Resources */ = {isa = PBXBuildFile; fileRef = 8429330828B2DC4E0093DE24 /* LaunchScreen.storyboard */; };
		8429331528B2DC4E0093DE24 /* ErzengelMichaelTests.swift in Sources */ = {isa = PBXBuildFile; fileRef = 8429331428B2DC4E0093DE24 /* ErzengelMichaelTests.swift */; };
		8429331F28B2DC4E0093DE24 /* ErzengelMichaelUITests.swift in Sources */ = {isa = PBXBuildFile; fileRef = 8429331E28B2DC4E0093DE24 /* ErzengelMichaelUITests.swift */; };
		8429332128B2DC4E0093DE24 /* ErzengelMichaelUITestsLaunchTests.swift in Sources */ = {isa = PBXBuildFile; fileRef = 8429332028B2DC4E0093DE24 /* ErzengelMichaelUITestsLaunchTests.swift */; };
/* End PBXBuildFile section */

/* Begin PBXContainerItemProxy section */
		8429331128B2DC4E0093DE24 /* PBXContainerItemProxy */ = {
			isa = PBXContainerItemProxy;
			containerPortal = 842932EF28B2DC4C0093DE24 /* Project object */;
			proxyType = 1;
			remoteGlobalIDString = 842932F628B2DC4C0093DE24;
			remoteInfo = ErzengelMichael;
		};
		8429331B28B2DC4E0093DE24 /* PBXContainerItemProxy */ = {
			isa = PBXContainerItemProxy;
			containerPortal = 842932EF28B2DC4C0093DE24 /* Project object */;
			proxyType = 1;
			remoteGlobalIDString = 842932F628B2DC4C0093DE24;
			remoteInfo = ErzengelMichael;
		};
/* End PBXContainerItemProxy section */

/* Begin PBXFileReference section */
		842932F728B2DC4C0093DE24 /* ErzengelMichael.app */ = {isa = PBXFileReference; explicitFileType = wrapper.application; includeInIndex = 0; path = ErzengelMichael.app; sourceTree = BUILT_PRODUCTS_DIR; };
		842932FA28B2DC4C0093DE24 /* AppDelegate.swift */ = {isa = PBXFileReference; lastKnownFileType = sourcecode.swift; path = AppDelegate.swift; sourceTree = "<group>"; };
		842932FC28B2DC4C0093DE24 /* SceneDelegate.swift */ = {isa = PBXFileReference; lastKnownFileType = sourcecode.swift; path = SceneDelegate.swift; sourceTree = "<group>"; };
		842932FE28B2DC4C0093DE24 /* ViewController.swift */ = {isa = PBXFileReference; lastKnownFileType = sourcecode.swift; path = ViewController.swift; sourceTree = "<group>"; };
		8429330128B2DC4C0093DE24 /* Base */ = {isa = PBXFileReference; lastKnownFileType = file.storyboard; name = Base; path = Base.lproj/Main.storyboard; sourceTree = "<group>"; };
		8429330428B2DC4C0093DE24 /* ErzengelMichael.xcdatamodel */ = {isa = PBXFileReference; lastKnownFileType = wrapper.xcdatamodel; path = ErzengelMichael.xcdatamodel; sourceTree = "<group>"; };
		8429330628B2DC4E0093DE24 /* Assets.xcassets */ = {isa = PBXFileReference; lastKnownFileType = folder.assetcatalog; path = Assets.xcassets; sourceTree = "<group>"; };
		8429330928B2DC4E0093DE24 /* Base */ = {isa = PBXFileReference; lastKnownFileType = file.storyboard; name = Base; path = Base.lproj/LaunchScreen.storyboard; sourceTree = "<group>"; };
		8429330B28B2DC4E0093DE24 /* Info.plist */ = {isa = PBXFileReference; lastKnownFileType = text.plist.xml; path = Info.plist; sourceTree = "<group>"; };
		8429331028B2DC4E0093DE24 /* ErzengelMichaelTests.xctest */ = {isa = PBXFileReference; explicitFileType = wrapper.cfbundle; includeInIndex = 0; path = ErzengelMichaelTests.xctest; sourceTree = BUILT_PRODUCTS_DIR; };
		8429331428B2DC4E0093DE24 /* ErzengelMichaelTests.swift */ = {isa = PBXFileReference; lastKnownFileType = sourcecode.swift; path = ErzengelMichaelTests.swift; sourceTree = "<group>"; };
		8429331A28B2DC4E0093DE24 /* ErzengelMichaelUITests.xctest */ = {isa = PBXFileReference; explicitFileType = wrapper.cfbundle; includeInIndex = 0; path = ErzengelMichaelUITests.xctest; sourceTree = BUILT_PRODUCTS_DIR; };
		8429331E28B2DC4E0093DE24 /* ErzengelMichaelUITests.swift */ = {isa = PBXFileReference; lastKnownFileType = sourcecode.swift; path = ErzengelMichaelUITests.swift; sourceTree = "<group>"; };
		8429332028B2DC4E0093DE24 /* ErzengelMichaelUITestsLaunchTests.swift */ = {isa = PBXFileReference; lastKnownFileType = sourcecode.swift; path = ErzengelMichaelUITestsLaunchTests.swift; sourceTree = "<group>"; };
/* End PBXFileReference section */

/* Begin PBXFrameworksBuildPhase section */
		842932F428B2DC4C0093DE24 /* Frameworks */ = {
			isa = PBXFrameworksBuildPhase;
			buildActionMask = 2147483647;
			files = (
			);
			runOnlyForDeploymentPostprocessing = 0;
		};
		8429330D28B2DC4E0093DE24 /* Frameworks */ = {
			isa = PBXFrameworksBuildPhase;
			buildActionMask = 2147483647;
			files = (
			);
			runOnlyForDeploymentPostprocessing = 0;
		};
		8429331728B2DC4E0093DE24 /* Frameworks */ = {
			isa = PBXFrameworksBuildPhase;
			buildActionMask = 2147483647;
			files = (
			);
			runOnlyForDeploymentPostprocessing = 0;
		};
/* End PBXFrameworksBuildPhase section */

/* Begin PBXGroup section */
		842932EE28B2DC4C0093DE24 = {
			isa = PBXGroup;
			children = (
				842932F928B2DC4C0093DE24 /* ErzengelMichael */,
				8429331328B2DC4E0093DE24 /* ErzengelMichaelTests */,
				8429331D28B2DC4E0093DE24 /* ErzengelMichaelUITests */,
				842932F828B2DC4C0093DE24 /* Products */,
			);
			sourceTree = "<group>";
		};
		842932F828B2DC4C0093DE24 /* Products */ = {
			isa = PBXGroup;
			children = (
				842932F728B2DC4C0093DE24 /* ErzengelMichael.app */,
				8429331028B2DC4E0093DE24 /* ErzengelMichaelTests.xctest */,
				8429331A28B2DC4E0093DE24 /* ErzengelMichaelUITests.xctest */,
			);
			name = Products;
			sourceTree = "<group>";
		};
		842932F928B2DC4C0093DE24 /* ErzengelMichael */ = {
			isa = PBXGroup;
			children = (
				842932FA28B2DC4C0093DE24 /* AppDelegate.swift */,
				842932FC28B2DC4C0093DE24 /* SceneDelegate.swift */,
				842932FE28B2DC4C0093DE24 /* ViewController.swift */,
				8429330028B2DC4C0093DE24 /* Main.storyboard */,
				8429330628B2DC4E0093DE24 /* Assets.xcassets */,
				8429330828B2DC4E0093DE24 /* LaunchScreen.storyboard */,
				8429330B28B2DC4E0093DE24 /* Info.plist */,
				8429330328B2DC4C0093DE24 /* ErzengelMichael.xcdatamodeld */,
			);
			path = ErzengelMichael;
			sourceTree = "<group>";
		};
		8429331328B2DC4E0093DE24 /* ErzengelMichaelTests */ = {
			isa = PBXGroup;
			children = (
				8429331428B2DC4E0093DE24 /* ErzengelMichaelTests.swift */,
			);
			path = ErzengelMichaelTests;
			sourceTree = "<group>";
		};
		8429331D28B2DC4E0093DE24 /* ErzengelMichaelUITests */ = {
			isa = PBXGroup;
			children = (
				8429331E28B2DC4E0093DE24 /* ErzengelMichaelUITests.swift */,
				8429332028B2DC4E0093DE24 /* ErzengelMichaelUITestsLaunchTests.swift */,
			);
			path = ErzengelMichaelUITests;
			sourceTree = "<group>";
		};
/* End PBXGroup section */

/* Begin PBXNativeTarget section */
		842932F628B2DC4C0093DE24 /* ErzengelMichael */ = {
			isa = PBXNativeTarget;
			buildConfigurationList = 8429332428B2DC4E0093DE24 /* Build configuration list for PBXNativeTarget "ErzengelMichael" */;
			buildPhases = (
				842932F328B2DC4C0093DE24 /* Sources */,
				842932F428B2DC4C0093DE24 /* Frameworks */,
				842932F528B2DC4C0093DE24 /* Resources */,
			);
			buildRules = (
			);
			dependencies = (
			);
			name = ErzengelMichael;
			productName = ErzengelMichael;
			productReference = 842932F728B2DC4C0093DE24 /* ErzengelMichael.app */;
			productType = "com.apple.product-type.application";
		};
		8429330F28B2DC4E0093DE24 /* ErzengelMichaelTests */ = {
			isa = PBXNativeTarget;
			buildConfigurationList = 8429332728B2DC4E0093DE24 /* Build configuration list for PBXNativeTarget "ErzengelMichaelTests" */;
			buildPhases = (
				8429330C28B2DC4E0093DE24 /* Sources */,
				8429330D28B2DC4E0093DE24 /* Frameworks */,
				8429330E28B2DC4E0093DE24 /* Resources */,
			);
			buildRules = (
			);
			dependencies = (
				8429331228B2DC4E0093DE24 /* PBXTargetDependency */,
			);
			name = ErzengelMichaelTests;
			productName = ErzengelMichaelTests;
			productReference = 8429331028B2DC4E0093DE24 /* ErzengelMichaelTests.xctest */;
			productType = "com.apple.product-type.bundle.unit-test";
		};
		8429331928B2DC4E0093DE24 /* ErzengelMichaelUITests */ = {
			isa = PBXNativeTarget;
			buildConfigurationList = 8429332A28B2DC4E0093DE24 /* Build configuration list for PBXNativeTarget "ErzengelMichaelUITests" */;
			buildPhases = (
				8429331628B2DC4E0093DE24 /* Sources */,
				8429331728B2DC4E0093DE24 /* Frameworks */,
				8429331828B2DC4E0093DE24 /* Resources */,
			);
			buildRules = (
			);
			dependencies = (
				8429331C28B2DC4E0093DE24 /* PBXTargetDependency */,
			);
			name = ErzengelMichaelUITests;
			productName = ErzengelMichaelUITests;
			productReference = 8429331A28B2DC4E0093DE24 /* ErzengelMichaelUITests.xctest */;
			productType = "com.apple.product-type.bundle.ui-testing";
		};
/* End PBXNativeTarget section */

/* Begin PBXProject section */
		842932EF28B2DC4C0093DE24 /* Project object */ = {
			isa = PBXProject;
			attributes = {
				BuildIndependentTargetsInParallel = 1;
				LastSwiftUpdateCheck = 1340;
				LastUpgradeCheck = 1340;
				TargetAttributes = {
					842932F628B2DC4C0093DE24 = {
						CreatedOnToolsVersion = 13.4.1;
					};
					8429330F28B2DC4E0093DE24 = {
						CreatedOnToolsVersion = 13.4.1;
						TestTargetID = 842932F628B2DC4C0093DE24;
					};
					8429331928B2DC4E0093DE24 = {
						CreatedOnToolsVersion = 13.4.1;
						TestTargetID = 842932F628B2DC4C0093DE24;
					};
				};
			};
			buildConfigurationList = 842932F228B2DC4C0093DE24 /* Build configuration list for PBXProject "ErzengelMichael" */;
			compatibilityVersion = "Xcode 13.0";
			developmentRegion = en;
			hasScannedForEncodings = 0;
			knownRegions = (
				en,
				Base,
			);
			mainGroup = 842932EE28B2DC4C0093DE24;
			productRefGroup = 842932F828B2DC4C0093DE24 /* Products */;
			projectDirPath = "";
			projectRoot = "";
			targets = (
				842932F628B2DC4C0093DE24 /* ErzengelMichael */,
				8429330F28B2DC4E0093DE24 /* ErzengelMichaelTests */,
				8429331928B2DC4E0093DE24 /* ErzengelMichaelUITests */,
			);
		};
/* End PBXProject section */

/* Begin PBXResourcesBuildPhase section */
		842932F528B2DC4C0093DE24 /* Resources */ = {
			isa = PBXResourcesBuildPhase;
			buildActionMask = 2147483647;
			files = (
				8429330A28B2DC4E0093DE24 /* LaunchScreen.storyboard in Resources */,
				8429330728B2DC4E0093DE24 /* Assets.xcassets in Resources */,
				8429330228B2DC4C0093DE24 /* Main.storyboard in Resources */,
			);
			runOnlyForDeploymentPostprocessing = 0;
		};
		8429330E28B2DC4E0093DE24 /* Resources */ = {
			isa = PBXResourcesBuildPhase;
			buildActionMask = 2147483647;
			files = (
			);
			runOnlyForDeploymentPostprocessing = 0;
		};
		8429331828B2DC4E0093DE24 /* Resources */ = {
			isa = PBXResourcesBuildPhase;
			buildActionMask = 2147483647;
			files = (
			);
			runOnlyForDeploymentPostprocessing = 0;
		};
/* End PBXResourcesBuildPhase section */

/* Begin PBXSourcesBuildPhase section */
		842932F328B2DC4C0093DE24 /* Sources */ = {
			isa = PBXSourcesBuildPhase;
			buildActionMask = 2147483647;
			files = (
				842932FF28B2DC4C0093DE24 /* ViewController.swift in Sources */,
				842932FB28B2DC4C0093DE24 /* AppDelegate.swift in Sources */,
				842932FD28B2DC4C0093DE24 /* SceneDelegate.swift in Sources */,
				8429330528B2DC4C0093DE24 /* ErzengelMichael.xcdatamodeld in Sources */,
			);
			runOnlyForDeploymentPostprocessing = 0;
		};
		8429330C28B2DC4E0093DE24 /* Sources */ = {
			isa = PBXSourcesBuildPhase;
			buildActionMask = 2147483647;
			files = (
				8429331528B2DC4E0093DE24 /* ErzengelMichaelTests.swift in Sources */,
			);
			runOnlyForDeploymentPostprocessing = 0;
		};
		8429331628B2DC4E0093DE24 /* Sources */ = {
			isa = PBXSourcesBuildPhase;
			buildActionMask = 2147483647;
			files = (
				8429332128B2DC4E0093DE24 /* ErzengelMichaelUITestsLaunchTests.swift in Sources */,
				8429331F28B2DC4E0093DE24 /* ErzengelMichaelUITests.swift in Sources */,
			);
			runOnlyForDeploymentPostprocessing = 0;
		};
/* End PBXSourcesBuildPhase section */

/* Begin PBXTargetDependency section */
		8429331228B2DC4E0093DE24 /* PBXTargetDependency */ = {
			isa = PBXTargetDependency;
			target = 842932F628B2DC4C0093DE24 /* ErzengelMichael */;
			targetProxy = 8429331128B2DC4E0093DE24 /* PBXContainerItemProxy */;
		};
		8429331C28B2DC4E0093DE24 /* PBXTargetDependency */ = {
			isa = PBXTargetDependency;
			target = 842932F628B2DC4C0093DE24 /* ErzengelMichael */;
			targetProxy = 8429331B28B2DC4E0093DE24 /* PBXContainerItemProxy */;
		};
/* End PBXTargetDependency section */

/* Begin PBXVariantGroup section */
		8429330028B2DC4C0093DE24 /* Main.storyboard */ = {
			isa = PBXVariantGroup;
			children = (
				8429330128B2DC4C0093DE24 /* Base */,
			);
			name = Main.storyboard;
			sourceTree = "<group>";
		};
		8429330828B2DC4E0093DE24 /* LaunchScreen.storyboard */ = {
			isa = PBXVariantGroup;
			children = (
				8429330928B2DC4E0093DE24 /* Base */,
			);
			name = LaunchScreen.storyboard;
			sourceTree = "<group>";
		};
/* End PBXVariantGroup section */

/* Begin XCBuildConfiguration section */
		8429332228B2DC4E0093DE24 /* Debug */ = {
			isa = XCBuildConfiguration;
			buildSettings = {
				ALWAYS_SEARCH_USER_PATHS = NO;
				CLANG_ANALYZER_NONNULL = YES;
				CLANG_ANALYZER_NUMBER_OBJECT_CONVERSION = YES_AGGRESSIVE;
				CLANG_CXX_LANGUAGE_STANDARD = "gnu++17";
				CLANG_ENABLE_MODULES = YES;
				CLANG_ENABLE_OBJC_ARC = YES;
				CLANG_ENABLE_OBJC_WEAK = YES;
				CLANG_WARN_BLOCK_CAPTURE_AUTORELEASING = YES;
				CLANG_WARN_BOOL_CONVERSION = YES;
				CLANG_WARN_COMMA = YES;
				CLANG_WARN_CONSTANT_CONVERSION = YES;
				CLANG_WARN_DEPRECATED_OBJC_IMPLEMENTATIONS = YES;
				CLANG_WARN_DIRECT_OBJC_ISA_USAGE = YES_ERROR;
				CLANG_WARN_DOCUMENTATION_COMMENTS = YES;
				CLANG_WARN_EMPTY_BODY = YES;
				CLANG_WARN_ENUM_CONVERSION = YES;
				CLANG_WARN_INFINITE_RECURSION = YES;
				CLANG_WARN_INT_CONVERSION = YES;
				CLANG_WARN_NON_LITERAL_NULL_CONVERSION = YES;
				CLANG_WARN_OBJC_IMPLICIT_RETAIN_SELF = YES;
				CLANG_WARN_OBJC_LITERAL_CONVERSION = YES;
				CLANG_WARN_OBJC_ROOT_CLASS = YES_ERROR;
				CLANG_WARN_QUOTED_INCLUDE_IN_FRAMEWORK_HEADER = YES;
				CLANG_WARN_RANGE_LOOP_ANALYSIS = YES;
				CLANG_WARN_STRICT_PROTOTYPES = YES;
				CLANG_WARN_SUSPICIOUS_MOVE = YES;
				CLANG_WARN_UNGUARDED_AVAILABILITY = YES_AGGRESSIVE;
				CLANG_WARN_UNREACHABLE_CODE = YES;
				CLANG_WARN__DUPLICATE_METHOD_MATCH = YES;
				COPY_PHASE_STRIP = NO;
				DEBUG_INFORMATION_FORMAT = dwarf;
				ENABLE_STRICT_OBJC_MSGSEND = YES;
				ENABLE_TESTABILITY = YES;
				GCC_C_LANGUAGE_STANDARD = gnu11;
				GCC_DYNAMIC_NO_PIC = NO;
				GCC_NO_COMMON_BLOCKS = YES;
				GCC_OPTIMIZATION_LEVEL = 0;
				GCC_PREPROCESSOR_DEFINITIONS = (
					"DEBUG=1",
					"$(inherited)",
				);
				GCC_WARN_64_TO_32_BIT_CONVERSION = YES;
				GCC_WARN_ABOUT_RETURN_TYPE = YES_ERROR;
				GCC_WARN_UNDECLARED_SELECTOR = YES;
				GCC_WARN_UNINITIALIZED_AUTOS = YES_AGGRESSIVE;
				GCC_WARN_UNUSED_FUNCTION = YES;
				GCC_WARN_UNUSED_VARIABLE = YES;
				IPHONEOS_DEPLOYMENT_TARGET = 15.5;
				MTL_ENABLE_DEBUG_INFO = INCLUDE_SOURCE;
				MTL_FAST_MATH = YES;
				ONLY_ACTIVE_ARCH = YES;
				SDKROOT = iphoneos;
				SWIFT_ACTIVE_COMPILATION_CONDITIONS = DEBUG;
				SWIFT_OPTIMIZATION_LEVEL = "-Onone";
			};
			name = Debug;
		};
		8429332328B2DC4E0093DE24 /* Release */ = {
			isa = XCBuildConfiguration;
			buildSettings = {
				ALWAYS_SEARCH_USER_PATHS = NO;
				CLANG_ANALYZER_NONNULL = YES;
				CLANG_ANALYZER_NUMBER_OBJECT_CONVERSION = YES_AGGRESSIVE;
				CLANG_CXX_LANGUAGE_STANDARD = "gnu++17";
				CLANG_ENABLE_MODULES = YES;
				CLANG_ENABLE_OBJC_ARC = YES;
				CLANG_ENABLE_OBJC_WEAK = YES;
				CLANG_WARN_BLOCK_CAPTURE_AUTORELEASING = YES;
				CLANG_WARN_BOOL_CONVERSION = YES;
				CLANG_WARN_COMMA = YES;
				CLANG_WARN_CONSTANT_CONVERSION = YES;
				CLANG_WARN_DEPRECATED_OBJC_IMPLEMENTATIONS = YES;
				CLANG_WARN_DIRECT_OBJC_ISA_USAGE = YES_ERROR;
				CLANG_WARN_DOCUMENTATION_COMMENTS = YES;
				CLANG_WARN_EMPTY_BODY = YES;
				CLANG_WARN_ENUM_CONVERSION = YES;
				CLANG_WARN_INFINITE_RECURSION = YES;
				CLANG_WARN_INT_CONVERSION = YES;
				CLANG_WARN_NON_LITERAL_NULL_CONVERSION = YES;
				CLANG_WARN_OBJC_IMPLICIT_RETAIN_SELF = YES;
				CLANG_WARN_OBJC_LITERAL_CONVERSION = YES;
				CLANG_WARN_OBJC_ROOT_CLASS = YES_ERROR;
				CLANG_WARN_QUOTED_INCLUDE_IN_FRAMEWORK_HEADER = YES;
				CLANG_WARN_RANGE_LOOP_ANALYSIS = YES;
				CLANG_WARN_STRICT_PROTOTYPES = YES;
				CLANG_WARN_SUSPICIOUS_MOVE = YES;
				CLANG_WARN_UNGUARDED_AVAILABILITY = YES_AGGRESSIVE;
				CLANG_WARN_UNREACHABLE_CODE = YES;
				CLANG_WARN__DUPLICATE_METHOD_MATCH = YES;
				COPY_PHASE_STRIP = NO;
				DEBUG_INFORMATION_FORMAT = "dwarf-with-dsym";
				ENABLE_NS_ASSERTIONS = NO;
				ENABLE_STRICT_OBJC_MSGSEND = YES;
				GCC_C_LANGUAGE_STANDARD = gnu11;
				GCC_NO_COMMON_BLOCKS = YES;
				GCC_WARN_64_TO_32_BIT_CONVERSION = YES;
				GCC_WARN_ABOUT_RETURN_TYPE = YES_ERROR;
				GCC_WARN_UNDECLARED_SELECTOR = YES;
				GCC_WARN_UNINITIALIZED_AUTOS = YES_AGGRESSIVE;
				GCC_WARN_UNUSED_FUNCTION = YES;
				GCC_WARN_UNUSED_VARIABLE = YES;
				IPHONEOS_DEPLOYMENT_TARGET = 15.5;
				MTL_ENABLE_DEBUG_INFO = NO;
				MTL_FAST_MATH = YES;
				SDKROOT = iphoneos;
				SWIFT_COMPILATION_MODE = wholemodule;
				SWIFT_OPTIMIZATION_LEVEL = "-O";
				VALIDATE_PRODUCT = YES;
			};
			name = Release;
		};
		8429332528B2DC4E0093DE24 /* Debug */ = {
			isa = XCBuildConfiguration;
			buildSettings = {
				ASSETCATALOG_COMPILER_APPICON_NAME = AppIcon;
				ASSETCATALOG_COMPILER_GLOBAL_ACCENT_COLOR_NAME = AccentColor;
				CODE_SIGN_STYLE = Automatic;
				CURRENT_PROJECT_VERSION = 1;
				DEVELOPMENT_TEAM = JML7X85FG3;
				GENERATE_INFOPLIST_FILE = YES;
				INFOPLIST_FILE = ErzengelMichael/Info.plist;
				INFOPLIST_KEY_UIApplicationSupportsIndirectInputEvents = YES;
				INFOPLIST_KEY_UILaunchStoryboardName = LaunchScreen;
				INFOPLIST_KEY_UIMainStoryboardFile = Main;
				INFOPLIST_KEY_UISupportedInterfaceOrientations_iPad = "UIInterfaceOrientationPortrait UIInterfaceOrientationPortraitUpsideDown UIInterfaceOrientationLandscapeLeft UIInterfaceOrientationLandscapeRight";
				INFOPLIST_KEY_UISupportedInterfaceOrientations_iPhone = "UIInterfaceOrientationPortrait UIInterfaceOrientationLandscapeLeft UIInterfaceOrientationLandscapeRight";
				LD_RUNPATH_SEARCH_PATHS = (
					"$(inherited)",
					"@executable_path/Frameworks",
				);
				MARKETING_VERSION = 1.0;
				PRODUCT_BUNDLE_IDENTIFIER = com.robertkomarek.ErzengelMichael;
				PRODUCT_NAME = "$(TARGET_NAME)";
				SWIFT_EMIT_LOC_STRINGS = YES;
				SWIFT_VERSION = 5.0;
				TARGETED_DEVICE_FAMILY = "1,2";
			};
			name = Debug;
		};
		8429332628B2DC4E0093DE24 /* Release */ = {
			isa = XCBuildConfiguration;
			buildSettings = {
				ASSETCATALOG_COMPILER_APPICON_NAME = AppIcon;
				ASSETCATALOG_COMPILER_GLOBAL_ACCENT_COLOR_NAME = AccentColor;
				CODE_SIGN_STYLE = Automatic;
				CURRENT_PROJECT_VERSION = 1;
				DEVELOPMENT_TEAM = JML7X85FG3;
				GENERATE_INFOPLIST_FILE = YES;
				INFOPLIST_FILE = ErzengelMichael/Info.plist;
				INFOPLIST_KEY_UIApplicationSupportsIndirectInputEvents = YES;
				INFOPLIST_KEY_UILaunchStoryboardName = LaunchScreen;
				INFOPLIST_KEY_UIMainStoryboardFile = Main;
				INFOPLIST_KEY_UISupportedInterfaceOrientations_iPad = "UIInterfaceOrientationPortrait UIInterfaceOrientationPortraitUpsideDown UIInterfaceOrientationLandscapeLeft UIInterfaceOrientationLandscapeRight";
				INFOPLIST_KEY_UISupportedInterfaceOrientations_iPhone = "UIInterfaceOrientationPortrait UIInterfaceOrientationLandscapeLeft UIInterfaceOrientationLandscapeRight";
				LD_RUNPATH_SEARCH_PATHS = (
					"$(inherited)",
					"@executable_path/Frameworks",
				);
				MARKETING_VERSION = 1.0;
				PRODUCT_BUNDLE_IDENTIFIER = com.robertkomarek.ErzengelMichael;
				PRODUCT_NAME = "$(TARGET_NAME)";
				SWIFT_EMIT_LOC_STRINGS = YES;
				SWIFT_VERSION = 5.0;
				TARGETED_DEVICE_FAMILY = "1,2";
			};
			name = Release;
		};
		8429332828B2DC4E0093DE24 /* Debug */ = {
			isa = XCBuildConfiguration;
			buildSettings = {
				ALWAYS_EMBED_SWIFT_STANDARD_LIBRARIES = YES;
				BUNDLE_LOADER = "$(TEST_HOST)";
				CODE_SIGN_STYLE = Automatic;
				CURRENT_PROJECT_VERSION = 1;
				DEVELOPMENT_TEAM = JML7X85FG3;
				GENERATE_INFOPLIST_FILE = YES;
				IPHONEOS_DEPLOYMENT_TARGET = 15.5;
				MARKETING_VERSION = 1.0;
				PRODUCT_BUNDLE_IDENTIFIER = com.robertkomarek.ErzengelMichaelTests;
				PRODUCT_NAME = "$(TARGET_NAME)";
				SWIFT_EMIT_LOC_STRINGS = NO;
				SWIFT_VERSION = 5.0;
				TARGETED_DEVICE_FAMILY = "1,2";
				TEST_HOST = "$(BUILT_PRODUCTS_DIR)/ErzengelMichael.app/ErzengelMichael";
			};
			name = Debug;
		};
		8429332928B2DC4E0093DE24 /* Release */ = {
			isa = XCBuildConfiguration;
			buildSettings = {
				ALWAYS_EMBED_SWIFT_STANDARD_LIBRARIES = YES;
				BUNDLE_LOADER = "$(TEST_HOST)";
				CODE_SIGN_STYLE = Automatic;
				CURRENT_PROJECT_VERSION = 1;
				DEVELOPMENT_TEAM = JML7X85FG3;
				GENERATE_INFOPLIST_FILE = YES;
				IPHONEOS_DEPLOYMENT_TARGET = 15.5;
				MARKETING_VERSION = 1.0;
				PRODUCT_BUNDLE_IDENTIFIER = com.robertkomarek.ErzengelMichaelTests;
				PRODUCT_NAME = "$(TARGET_NAME)";
				SWIFT_EMIT_LOC_STRINGS = NO;
				SWIFT_VERSION = 5.0;
				TARGETED_DEVICE_FAMILY = "1,2";
				TEST_HOST = "$(BUILT_PRODUCTS_DIR)/ErzengelMichael.app/ErzengelMichael";
			};
			name = Release;
		};
		8429332B28B2DC4E0093DE24 /* Debug */ = {
			isa = XCBuildConfiguration;
			buildSettings = {
				ALWAYS_EMBED_SWIFT_STANDARD_LIBRARIES = YES;
				CODE_SIGN_STYLE = Automatic;
				CURRENT_PROJECT_VERSION = 1;
				DEVELOPMENT_TEAM = JML7X85FG3;
				GENERATE_INFOPLIST_FILE = YES;
				MARKETING_VERSION = 1.0;
				PRODUCT_BUNDLE_IDENTIFIER = com.robertkomarek.ErzengelMichaelUITests;
				PRODUCT_NAME = "$(TARGET_NAME)";
				SWIFT_EMIT_LOC_STRINGS = NO;
				SWIFT_VERSION = 5.0;
				TARGETED_DEVICE_FAMILY = "1,2";
				TEST_TARGET_NAME = ErzengelMichael;
			};
			name = Debug;
		};
		8429332C28B2DC4E0093DE24 /* Release */ = {
			isa = XCBuildConfiguration;
			buildSettings = {
				ALWAYS_EMBED_SWIFT_STANDARD_LIBRARIES = YES;
				CODE_SIGN_STYLE = Automatic;
				CURRENT_PROJECT_VERSION = 1;
				DEVELOPMENT_TEAM = JML7X85FG3;
				GENERATE_INFOPLIST_FILE = YES;
				MARKETING_VERSION = 1.0;
				PRODUCT_BUNDLE_IDENTIFIER = com.robertkomarek.ErzengelMichaelUITests;
				PRODUCT_NAME = "$(TARGET_NAME)";
				SWIFT_EMIT_LOC_STRINGS = NO;
				SWIFT_VERSION = 5.0;
				TARGETED_DEVICE_FAMILY = "1,2";
				TEST_TARGET_NAME = ErzengelMichael;
			};
			name = Release;
		};
/* End XCBuildConfiguration section */

/* Begin XCConfigurationList section */
		842932F228B2DC4C0093DE24 /* Build configuration list for PBXProject "ErzengelMichael" */ = {
			isa = XCConfigurationList;
			buildConfigurations = (
				8429332228B2DC4E0093DE24 /* Debug */,
				8429332328B2DC4E0093DE24 /* Release */,
			);
			defaultConfigurationIsVisible = 0;
			defaultConfigurationName = Release;
		};
		8429332428B2DC4E0093DE24 /* Build configuration list for PBXNativeTarget "ErzengelMichael" */ = {
			isa = XCConfigurationList;
			buildConfigurations = (
				8429332528B2DC4E0093DE24 /* Debug */,
				8429332628B2DC4E0093DE24 /* Release */,
			);
			defaultConfigurationIsVisible = 0;
			defaultConfigurationName = Release;
		};
		8429332728B2DC4E0093DE24 /* Build configuration list for PBXNativeTarget "ErzengelMichaelTests" */ = {
			isa = XCConfigurationList;
			buildConfigurations = (
				8429332828B2DC4E0093DE24 /* Debug */,
				8429332928B2DC4E0093DE24 /* Release */,
			);
			defaultConfigurationIsVisible = 0;
			defaultConfigurationName = Release;
		};
		8429332A28B2DC4E0093DE24 /* Build configuration list for PBXNativeTarget "ErzengelMichaelUITests" */ = {
			isa = XCConfigurationList;
			buildConfigurations = (
				8429332B28B2DC4E0093DE24 /* Debug */,
				8429332C28B2DC4E0093DE24 /* Release */,
			);
			defaultConfigurationIsVisible = 0;
			defaultConfigurationName = Release;
		};
/* End XCConfigurationList section */

/* Begin XCVersionGroup section */
		8429330328B2DC4C0093DE24 /* ErzengelMichael.xcdatamodeld */ = {
			isa = XCVersionGroup;
			children = (
				8429330428B2DC4C0093DE24 /* ErzengelMichael.xcdatamodel */,
			);
			currentVersion = 8429330428B2DC4C0093DE24 /* ErzengelMichael.xcdatamodel */;
			path = ErzengelMichael.xcdatamodeld;
			sourceTree = "<group>";
			versionGroupType = wrapper.xcdatamodel;
		};
/* End XCVersionGroup section */
	};
	rootObject = 842932EF28B2DC4C0093DE24 /* Project object */;
}
