// !$*UTF8*$!
{
	archiveVersion = 1;
	classes = {
	};
	objectVersion = 55;
	objects = {

/* Begin PBXBuildFile section */
		124EFC1ABED732864A396E58 /* Pods_ErzengelMichaelTests.framework in Frameworks */ = {isa = PBXBuildFile; fileRef = 161E388F79C2605CF56DDB84 /* Pods_ErzengelMichaelTests.framework */; };
		5A13021ABB406160E61049A3 /* Pods_ErzengelMichael.framework in Frameworks */ = {isa = PBXBuildFile; fileRef = C97E8174501E3FE0BB08A84B /* Pods_ErzengelMichael.framework */; };
		841A7AEF29142AE000CC946F /* VerticallyCenteredTextView.swift in Sources */ = {isa = PBXBuildFile; fileRef = 841A7AEE29142AE000CC946F /* VerticallyCenteredTextView.swift */; };
		8420BA1328FB309D000575A5 /* Slide.swift in Sources */ = {isa = PBXBuildFile; fileRef = 8420BA1228FB309D000575A5 /* Slide.swift */; };
		842932FB28B2DC4C0093DE24 /* AppDelegate.swift in Sources */ = {isa = PBXBuildFile; fileRef = 842932FA28B2DC4C0093DE24 /* AppDelegate.swift */; };
		842932FD28B2DC4C0093DE24 /* SceneDelegate.swift in Sources */ = {isa = PBXBuildFile; fileRef = 842932FC28B2DC4C0093DE24 /* SceneDelegate.swift */; };
		842932FF28B2DC4C0093DE24 /* ViewController.swift in Sources */ = {isa = PBXBuildFile; fileRef = 842932FE28B2DC4C0093DE24 /* ViewController.swift */; };
		8429330228B2DC4C0093DE24 /* Main.storyboard in Resources */ = {isa = PBXBuildFile; fileRef = 8429330028B2DC4C0093DE24 /* Main.storyboard */; };
		8429330528B2DC4C0093DE24 /* ErzengelMichael.xcdatamodeld in Sources */ = {isa = PBXBuildFile; fileRef = 8429330328B2DC4C0093DE24 /* ErzengelMichael.xcdatamodeld */; };
		8429330728B2DC4E0093DE24 /* Assets.xcassets in Resources */ = {isa = PBXBuildFile; fileRef = 8429330628B2DC4E0093DE24 /* Assets.xcassets */; };
		8429330A28B2DC4E0093DE24 /* LaunchScreen.storyboard in Resources */ = {isa = PBXBuildFile; fileRef = 8429330828B2DC4E0093DE24 /* LaunchScreen.storyboard */; };
		8429331528B2DC4E0093DE24 /* ErzengelMichaelTests.swift in Sources */ = {isa = PBXBuildFile; fileRef = 8429331428B2DC4E0093DE24 /* ErzengelMichaelTests.swift */; };
		8429331F28B2DC4E0093DE24 /* ErzengelMichaelUITests.swift in Sources */ = {isa = PBXBuildFile; fileRef = 8429331E28B2DC4E0093DE24 /* ErzengelMichaelUITests.swift */; };
		8429332128B2DC4E0093DE24 /* ErzengelMichaelUITestsLaunchTests.swift in Sources */ = {isa = PBXBuildFile; fileRef = 8429332028B2DC4E0093DE24 /* ErzengelMichaelUITestsLaunchTests.swift */; };
		842BECB22955C22F005D3E86 /* SanctiRosariiMichael.json in Resources */ = {isa = PBXBuildFile; fileRef = 842BECB12955C22E005D3E86 /* SanctiRosariiMichael.json */; };
		8444CCAF28C39408002C819B /* AppDetails.swift in Sources */ = {isa = PBXBuildFile; fileRef = 8444CCAE28C39408002C819B /* AppDetails.swift */; };
		844F532028BA58A200034D24 /* Slide.xib in Resources */ = {isa = PBXBuildFile; fileRef = 844F531F28BA58A200034D24 /* Slide.xib */; };
		84582CA42932A4D300D7CE11 /* PopeLeoPrayerViewController.swift in Sources */ = {isa = PBXBuildFile; fileRef = 84582CA32932A4D300D7CE11 /* PopeLeoPrayerViewController.swift */; };
		84582CA62932A4E000D7CE11 /* LitanyViewController.swift in Sources */ = {isa = PBXBuildFile; fileRef = 84582CA52932A4E000D7CE11 /* LitanyViewController.swift */; };
		846851CB28FC821200942E2A /* SettingsViewController.swift in Sources */ = {isa = PBXBuildFile; fileRef = 846851CA28FC821200942E2A /* SettingsViewController.swift */; };
		846C0AD92909C61C001456F3 /* PromisesMichaelViewController.swift in Sources */ = {isa = PBXBuildFile; fileRef = 846C0AD82909C61C001456F3 /* PromisesMichaelViewController.swift */; };
		8487C61629243ADF00458D86 /* WelcomeViewController.swift in Sources */ = {isa = PBXBuildFile; fileRef = 8487C61529243ADF00458D86 /* WelcomeViewController.swift */; };
		8487C6222924459B00458D86 /* Welcome.storyboard in Resources */ = {isa = PBXBuildFile; fileRef = 8487C6212924459B00458D86 /* Welcome.storyboard */; };
		84FA1C292928F6870016ED26 /* IndulgencesPiusViewController.swift in Sources */ = {isa = PBXBuildFile; fileRef = 84FA1C282928F6870016ED26 /* IndulgencesPiusViewController.swift */; };
		95087AFB9B80348CE7E660B0 /* Pods_ErzengelMichael_ErzengelMichaelUITests.framework in Frameworks */ = {isa = PBXBuildFile; fileRef = 7A911FFDC46B719B73FA9AC7 /* Pods_ErzengelMichael_ErzengelMichaelUITests.framework */; };
/* End PBXBuildFile section */

/* Begin PBXContainerItemProxy section */
		8429331128B2DC4E0093DE24 /* PBXContainerItemProxy */ = {
			isa = PBXContainerItemProxy;
			containerPortal = 842932EF28B2DC4C0093DE24 /* Project object */;
			proxyType = 1;
			remoteGlobalIDString = 842932F628B2DC4C0093DE24;
			remoteInfo = ErzengelMichael;
		};
		8429331B28B2DC4E0093DE24 /* PBXContainerItemProxy */ = {
			isa = PBXContainerItemProxy;
			containerPortal = 842932EF28B2DC4C0093DE24 /* Project object */;
			proxyType = 1;
			remoteGlobalIDString = 842932F628B2DC4C0093DE24;
			remoteInfo = ErzengelMichael;
		};
/* End PBXContainerItemProxy section */

/* Begin PBXFileReference section */
		161E388F79C2605CF56DDB84 /* Pods_ErzengelMichaelTests.framework */ = {isa = PBXFileReference; explicitFileType = wrapper.framework; includeInIndex = 0; path = Pods_ErzengelMichaelTests.framework; sourceTree = BUILT_PRODUCTS_DIR; };
		1C9EF654B1C55FF9F185F4F5 /* Pods-ErzengelMichael.release.xcconfig */ = {isa = PBXFileReference; includeInIndex = 1; lastKnownFileType = text.xcconfig; name = "Pods-ErzengelMichael.release.xcconfig"; path = "Target Support Files/Pods-ErzengelMichael/Pods-ErzengelMichael.release.xcconfig"; sourceTree = "<group>"; };
		36470884D113569CA8B7A3C9 /* Pods-ErzengelMichaelTests.debug.xcconfig */ = {isa = PBXFileReference; includeInIndex = 1; lastKnownFileType = text.xcconfig; name = "Pods-ErzengelMichaelTests.debug.xcconfig"; path = "Target Support Files/Pods-ErzengelMichaelTests/Pods-ErzengelMichaelTests.debug.xcconfig"; sourceTree = "<group>"; };
		5879DC3C74C12E67D0FF0BA4 /* Pods-ErzengelMichael-ErzengelMichaelUITests.release.xcconfig */ = {isa = PBXFileReference; includeInIndex = 1; lastKnownFileType = text.xcconfig; name = "Pods-ErzengelMichael-ErzengelMichaelUITests.release.xcconfig"; path = "Target Support Files/Pods-ErzengelMichael-ErzengelMichaelUITests/Pods-ErzengelMichael-ErzengelMichaelUITests.release.xcconfig"; sourceTree = "<group>"; };
		716A4DE30730AB1D452133D0 /* Pods-ErzengelMichael-ErzengelMichaelUITests.debug.xcconfig */ = {isa = PBXFileReference; includeInIndex = 1; lastKnownFileType = text.xcconfig; name = "Pods-ErzengelMichael-ErzengelMichaelUITests.debug.xcconfig"; path = "Target Support Files/Pods-ErzengelMichael-ErzengelMichaelUITests/Pods-ErzengelMichael-ErzengelMichaelUITests.debug.xcconfig"; sourceTree = "<group>"; };
		7A911FFDC46B719B73FA9AC7 /* Pods_ErzengelMichael_ErzengelMichaelUITests.framework */ = {isa = PBXFileReference; explicitFileType = wrapper.framework; includeInIndex = 0; path = Pods_ErzengelMichael_ErzengelMichaelUITests.framework; sourceTree = BUILT_PRODUCTS_DIR; };
		841A7AEE29142AE000CC946F /* VerticallyCenteredTextView.swift */ = {isa = PBXFileReference; lastKnownFileType = sourcecode.swift; path = VerticallyCenteredTextView.swift; sourceTree = "<group>"; };
		8420BA1228FB309D000575A5 /* Slide.swift */ = {isa = PBXFileReference; lastKnownFileType = sourcecode.swift; path = Slide.swift; sourceTree = "<group>"; };
		842932F728B2DC4C0093DE24 /* ErzengelMichael.app */ = {isa = PBXFileReference; explicitFileType = wrapper.application; includeInIndex = 0; path = ErzengelMichael.app; sourceTree = BUILT_PRODUCTS_DIR; };
		842932FA28B2DC4C0093DE24 /* AppDelegate.swift */ = {isa = PBXFileReference; lastKnownFileType = sourcecode.swift; path = AppDelegate.swift; sourceTree = "<group>"; };
		842932FC28B2DC4C0093DE24 /* SceneDelegate.swift */ = {isa = PBXFileReference; lastKnownFileType = sourcecode.swift; path = SceneDelegate.swift; sourceTree = "<group>"; };
		842932FE28B2DC4C0093DE24 /* ViewController.swift */ = {isa = PBXFileReference; lastKnownFileType = sourcecode.swift; path = ViewController.swift; sourceTree = "<group>"; };
		8429330128B2DC4C0093DE24 /* Base */ = {isa = PBXFileReference; lastKnownFileType = file.storyboard; name = Base; path = Base.lproj/Main.storyboard; sourceTree = "<group>"; };
		8429330428B2DC4C0093DE24 /* ErzengelMichael.xcdatamodel */ = {isa = PBXFileReference; lastKnownFileType = wrapper.xcdatamodel; path = ErzengelMichael.xcdatamodel; sourceTree = "<group>"; };
		8429330628B2DC4E0093DE24 /* Assets.xcassets */ = {isa = PBXFileReference; lastKnownFileType = folder.assetcatalog; path = Assets.xcassets; sourceTree = "<group>"; };
		8429330928B2DC4E0093DE24 /* Base */ = {isa = PBXFileReference; lastKnownFileType = file.storyboard; name = Base; path = Base.lproj/LaunchScreen.storyboard; sourceTree = "<group>"; };
		8429330B28B2DC4E0093DE24 /* Info.plist */ = {isa = PBXFileReference; lastKnownFileType = text.plist.xml; path = Info.plist; sourceTree = "<group>"; };
		8429331028B2DC4E0093DE24 /* ErzengelMichaelTests.xctest */ = {isa = PBXFileReference; explicitFileType = wrapper.cfbundle; includeInIndex = 0; path = ErzengelMichaelTests.xctest; sourceTree = BUILT_PRODUCTS_DIR; };
		8429331428B2DC4E0093DE24 /* ErzengelMichaelTests.swift */ = {isa = PBXFileReference; lastKnownFileType = sourcecode.swift; path = ErzengelMichaelTests.swift; sourceTree = "<group>"; };
		8429331A28B2DC4E0093DE24 /* ErzengelMichaelUITests.xctest */ = {isa = PBXFileReference; explicitFileType = wrapper.cfbundle; includeInIndex = 0; path = ErzengelMichaelUITests.xctest; sourceTree = BUILT_PRODUCTS_DIR; };
		8429331E28B2DC4E0093DE24 /* ErzengelMichaelUITests.swift */ = {isa = PBXFileReference; lastKnownFileType = sourcecode.swift; path = ErzengelMichaelUITests.swift; sourceTree = "<group>"; };
		8429332028B2DC4E0093DE24 /* ErzengelMichaelUITestsLaunchTests.swift */ = {isa = PBXFileReference; lastKnownFileType = sourcecode.swift; path = ErzengelMichaelUITestsLaunchTests.swift; sourceTree = "<group>"; };
		842BECB12955C22E005D3E86 /* SanctiRosariiMichael.json */ = {isa = PBXFileReference; fileEncoding = 4; lastKnownFileType = text.json; path = SanctiRosariiMichael.json; sourceTree = "<group>"; };
		8444CCAE28C39408002C819B /* AppDetails.swift */ = {isa = PBXFileReference; lastKnownFileType = sourcecode.swift; path = AppDetails.swift; sourceTree = "<group>"; };
		844F531F28BA58A200034D24 /* Slide.xib */ = {isa = PBXFileReference; lastKnownFileType = file.xib; path = Slide.xib; sourceTree = "<group>"; };
		84582CA32932A4D300D7CE11 /* PopeLeoPrayerViewController.swift */ = {isa = PBXFileReference; lastKnownFileType = sourcecode.swift; path = PopeLeoPrayerViewController.swift; sourceTree = "<group>"; };
		84582CA52932A4E000D7CE11 /* LitanyViewController.swift */ = {isa = PBXFileReference; lastKnownFileType = sourcecode.swift; path = LitanyViewController.swift; sourceTree = "<group>"; };
		846851CA28FC821200942E2A /* SettingsViewController.swift */ = {isa = PBXFileReference; lastKnownFileType = sourcecode.swift; path = SettingsViewController.swift; sourceTree = "<group>"; };
		846C0AD82909C61C001456F3 /* PromisesMichaelViewController.swift */ = {isa = PBXFileReference; lastKnownFileType = sourcecode.swift; path = PromisesMichaelViewController.swift; sourceTree = "<group>"; };
		8487C61529243ADF00458D86 /* WelcomeViewController.swift */ = {isa = PBXFileReference; lastKnownFileType = sourcecode.swift; path = WelcomeViewController.swift; sourceTree = "<group>"; };
		8487C6212924459B00458D86 /* Welcome.storyboard */ = {isa = PBXFileReference; lastKnownFileType = file.storyboard; path = Welcome.storyboard; sourceTree = "<group>"; };
		84FA1C282928F6870016ED26 /* IndulgencesPiusViewController.swift */ = {isa = PBXFileReference; lastKnownFileType = sourcecode.swift; path = IndulgencesPiusViewController.swift; sourceTree = "<group>"; };
		C97E8174501E3FE0BB08A84B /* Pods_ErzengelMichael.framework */ = {isa = PBXFileReference; explicitFileType = wrapper.framework; includeInIndex = 0; path = Pods_ErzengelMichael.framework; sourceTree = BUILT_PRODUCTS_DIR; };
		E2E5E848E6BF5C1F20B4E471 /* Pods-ErzengelMichael.debug.xcconfig */ = {isa = PBXFileReference; includeInIndex = 1; lastKnownFileType = text.xcconfig; name = "Pods-ErzengelMichael.debug.xcconfig"; path = "Target Support Files/Pods-ErzengelMichael/Pods-ErzengelMichael.debug.xcconfig"; sourceTree = "<group>"; };
		EBB79301B550D1BABEFF78CE /* Pods-ErzengelMichaelTests.release.xcconfig */ = {isa = PBXFileReference; includeInIndex = 1; lastKnownFileType = text.xcconfig; name = "Pods-ErzengelMichaelTests.release.xcconfig"; path = "Target Support Files/Pods-ErzengelMichaelTests/Pods-ErzengelMichaelTests.release.xcconfig"; sourceTree = "<group>"; };
/* End PBXFileReference section */

/* Begin PBXFrameworksBuildPhase section */
		842932F428B2DC4C0093DE24 /* Frameworks */ = {
			isa = PBXFrameworksBuildPhase;
			buildActionMask = 2147483647;
			files = (
				5A13021ABB406160E61049A3 /* Pods_ErzengelMichael.framework in Frameworks */,
			);
			runOnlyForDeploymentPostprocessing = 0;
		};
		8429330D28B2DC4E0093DE24 /* Frameworks */ = {
			isa = PBXFrameworksBuildPhase;
			buildActionMask = 2147483647;
			files = (
				124EFC1ABED732864A396E58 /* Pods_ErzengelMichaelTests.framework in Frameworks */,
			);
			runOnlyForDeploymentPostprocessing = 0;
		};
		8429331728B2DC4E0093DE24 /* Frameworks */ = {
			isa = PBXFrameworksBuildPhase;
			buildActionMask = 2147483647;
			files = (
				95087AFB9B80348CE7E660B0 /* Pods_ErzengelMichael_ErzengelMichaelUITests.framework in Frameworks */,
			);
			runOnlyForDeploymentPostprocessing = 0;
		};
/* End PBXFrameworksBuildPhase section */

/* Begin PBXGroup section */
		841A7AED29142AAC00CC946F /* Custom Controls */ = {
			isa = PBXGroup;
			children = (
				841A7AEE29142AE000CC946F /* VerticallyCenteredTextView.swift */,
			);
			path = "Custom Controls";
			sourceTree = "<group>";
		};
		8420BA0B28FB2845000575A5 /* ViewControllers */ = {
			isa = PBXGroup;
			children = (
				842932FE28B2DC4C0093DE24 /* ViewController.swift */,
				846851CA28FC821200942E2A /* SettingsViewController.swift */,
				8420BA1228FB309D000575A5 /* Slide.swift */,
				8487C61529243ADF00458D86 /* WelcomeViewController.swift */,
				846C0AD82909C61C001456F3 /* PromisesMichaelViewController.swift */,
				84FA1C282928F6870016ED26 /* IndulgencesPiusViewController.swift */,
				84582CA32932A4D300D7CE11 /* PopeLeoPrayerViewController.swift */,
				84582CA52932A4E000D7CE11 /* LitanyViewController.swift */,
			);
			path = ViewControllers;
			sourceTree = "<group>";
		};
		8420BA0E28FB2A60000575A5 /* Models */ = {
			isa = PBXGroup;
			children = (
				8444CCAE28C39408002C819B /* AppDetails.swift */,
			);
			path = Models;
			sourceTree = "<group>";
		};
		8420BA0F28FB2AC2000575A5 /* Views */ = {
			isa = PBXGroup;
			children = (
				8429330028B2DC4C0093DE24 /* Main.storyboard */,
				844F531F28BA58A200034D24 /* Slide.xib */,
				8487C6212924459B00458D86 /* Welcome.storyboard */,
			);
			path = Views;
			sourceTree = "<group>";
		};
		8422734B292004FE00FD475D /* Jsonfiles */ = {
			isa = PBXGroup;
			children = (
				842BECB12955C22E005D3E86 /* SanctiRosariiMichael.json */,
			);
			path = Jsonfiles;
			sourceTree = "<group>";
		};
		842932EE28B2DC4C0093DE24 = {
			isa = PBXGroup;
			children = (
				842932F928B2DC4C0093DE24 /* ErzengelMichael */,
				8429331328B2DC4E0093DE24 /* ErzengelMichaelTests */,
				8429331D28B2DC4E0093DE24 /* ErzengelMichaelUITests */,
				842932F828B2DC4C0093DE24 /* Products */,
				A75EB2F802B2BD74681A1D60 /* Pods */,
				8ED8897A7F64F21059234C66 /* Frameworks */,
			);
			sourceTree = "<group>";
		};
		842932F828B2DC4C0093DE24 /* Products */ = {
			isa = PBXGroup;
			children = (
				842932F728B2DC4C0093DE24 /* ErzengelMichael.app */,
				8429331028B2DC4E0093DE24 /* ErzengelMichaelTests.xctest */,
				8429331A28B2DC4E0093DE24 /* ErzengelMichaelUITests.xctest */,
			);
			name = Products;
			sourceTree = "<group>";
		};
		842932F928B2DC4C0093DE24 /* ErzengelMichael */ = {
			isa = PBXGroup;
			children = (
				8422734B292004FE00FD475D /* Jsonfiles */,
				841A7AED29142AAC00CC946F /* Custom Controls */,
				8420BA0E28FB2A60000575A5 /* Models */,
				8420BA0F28FB2AC2000575A5 /* Views */,
				8420BA0B28FB2845000575A5 /* ViewControllers */,
				842932FA28B2DC4C0093DE24 /* AppDelegate.swift */,
				842932FC28B2DC4C0093DE24 /* SceneDelegate.swift */,
				8429330628B2DC4E0093DE24 /* Assets.xcassets */,
				8429330828B2DC4E0093DE24 /* LaunchScreen.storyboard */,
				8429330B28B2DC4E0093DE24 /* Info.plist */,
				8429330328B2DC4C0093DE24 /* ErzengelMichael.xcdatamodeld */,
			);
			path = ErzengelMichael;
			sourceTree = "<group>";
		};
		8429331328B2DC4E0093DE24 /* ErzengelMichaelTests */ = {
			isa = PBXGroup;
			children = (
				8429331428B2DC4E0093DE24 /* ErzengelMichaelTests.swift */,
			);
			path = ErzengelMichaelTests;
			sourceTree = "<group>";
		};
		8429331D28B2DC4E0093DE24 /* ErzengelMichaelUITests */ = {
			isa = PBXGroup;
			children = (
				8429331E28B2DC4E0093DE24 /* ErzengelMichaelUITests.swift */,
				8429332028B2DC4E0093DE24 /* ErzengelMichaelUITestsLaunchTests.swift */,
			);
			path = ErzengelMichaelUITests;
			sourceTree = "<group>";
		};
		8ED8897A7F64F21059234C66 /* Frameworks */ = {
			isa = PBXGroup;
			children = (
				C97E8174501E3FE0BB08A84B /* Pods_ErzengelMichael.framework */,
				7A911FFDC46B719B73FA9AC7 /* Pods_ErzengelMichael_ErzengelMichaelUITests.framework */,
				161E388F79C2605CF56DDB84 /* Pods_ErzengelMichaelTests.framework */,
			);
			name = Frameworks;
			sourceTree = "<group>";
		};
		A75EB2F802B2BD74681A1D60 /* Pods */ = {
			isa = PBXGroup;
			children = (
				E2E5E848E6BF5C1F20B4E471 /* Pods-ErzengelMichael.debug.xcconfig */,
				1C9EF654B1C55FF9F185F4F5 /* Pods-ErzengelMichael.release.xcconfig */,
				716A4DE30730AB1D452133D0 /* Pods-ErzengelMichael-ErzengelMichaelUITests.debug.xcconfig */,
				5879DC3C74C12E67D0FF0BA4 /* Pods-ErzengelMichael-ErzengelMichaelUITests.release.xcconfig */,
				36470884D113569CA8B7A3C9 /* Pods-ErzengelMichaelTests.debug.xcconfig */,
				EBB79301B550D1BABEFF78CE /* Pods-ErzengelMichaelTests.release.xcconfig */,
			);
			path = Pods;
			sourceTree = "<group>";
		};
/* End PBXGroup section */

/* Begin PBXNativeTarget section */
		842932F628B2DC4C0093DE24 /* ErzengelMichael */ = {
			isa = PBXNativeTarget;
			buildConfigurationList = 8429332428B2DC4E0093DE24 /* Build configuration list for PBXNativeTarget "ErzengelMichael" */;
			buildPhases = (
				E72BA46EC441A1A7CC24B5A2 /* [CP] Check Pods Manifest.lock */,
				842932F328B2DC4C0093DE24 /* Sources */,
				842932F428B2DC4C0093DE24 /* Frameworks */,
				842932F528B2DC4C0093DE24 /* Resources */,
				6E14DC3C4E505B39B42A4989 /* [CP] Embed Pods Frameworks */,
			);
			buildRules = (
			);
			dependencies = (
			);
			name = ErzengelMichael;
			productName = ErzengelMichael;
			productReference = 842932F728B2DC4C0093DE24 /* ErzengelMichael.app */;
			productType = "com.apple.product-type.application";
		};
		8429330F28B2DC4E0093DE24 /* ErzengelMichaelTests */ = {
			isa = PBXNativeTarget;
			buildConfigurationList = 8429332728B2DC4E0093DE24 /* Build configuration list for PBXNativeTarget "ErzengelMichaelTests" */;
			buildPhases = (
				566D42F11E2E639A0A2C40A6 /* [CP] Check Pods Manifest.lock */,
				8429330C28B2DC4E0093DE24 /* Sources */,
				8429330D28B2DC4E0093DE24 /* Frameworks */,
				8429330E28B2DC4E0093DE24 /* Resources */,
			);
			buildRules = (
			);
			dependencies = (
				8429331228B2DC4E0093DE24 /* PBXTargetDependency */,
			);
			name = ErzengelMichaelTests;
			productName = ErzengelMichaelTests;
			productReference = 8429331028B2DC4E0093DE24 /* ErzengelMichaelTests.xctest */;
			productType = "com.apple.product-type.bundle.unit-test";
		};
		8429331928B2DC4E0093DE24 /* ErzengelMichaelUITests */ = {
			isa = PBXNativeTarget;
			buildConfigurationList = 8429332A28B2DC4E0093DE24 /* Build configuration list for PBXNativeTarget "ErzengelMichaelUITests" */;
			buildPhases = (
				B5771AA5D921F9EF7F3BCEFF /* [CP] Check Pods Manifest.lock */,
				8429331628B2DC4E0093DE24 /* Sources */,
				8429331728B2DC4E0093DE24 /* Frameworks */,
				8429331828B2DC4E0093DE24 /* Resources */,
				0C9420C5C759DFA29F4A25A6 /* [CP] Embed Pods Frameworks */,
			);
			buildRules = (
			);
			dependencies = (
				8429331C28B2DC4E0093DE24 /* PBXTargetDependency */,
			);
			name = ErzengelMichaelUITests;
			productName = ErzengelMichaelUITests;
			productReference = 8429331A28B2DC4E0093DE24 /* ErzengelMichaelUITests.xctest */;
			productType = "com.apple.product-type.bundle.ui-testing";
		};
/* End PBXNativeTarget section */

/* Begin PBXProject section */
		842932EF28B2DC4C0093DE24 /* Project object */ = {
			isa = PBXProject;
			attributes = {
				BuildIndependentTargetsInParallel = 1;
				KnownAssetTags = (
					0,
				);
				LastSwiftUpdateCheck = 1340;
				LastUpgradeCheck = 1340;
				TargetAttributes = {
					842932F628B2DC4C0093DE24 = {
						CreatedOnToolsVersion = 13.4.1;
					};
					8429330F28B2DC4E0093DE24 = {
						CreatedOnToolsVersion = 13.4.1;
						TestTargetID = 842932F628B2DC4C0093DE24;
					};
					8429331928B2DC4E0093DE24 = {
						CreatedOnToolsVersion = 13.4.1;
						TestTargetID = 842932F628B2DC4C0093DE24;
					};
				};
			};
			buildConfigurationList = 842932F228B2DC4C0093DE24 /* Build configuration list for PBXProject "ErzengelMichael" */;
			compatibilityVersion = "Xcode 13.0";
			developmentRegion = en;
			hasScannedForEncodings = 0;
			knownRegions = (
				en,
				Base,
			);
			mainGroup = 842932EE28B2DC4C0093DE24;
			productRefGroup = 842932F828B2DC4C0093DE24 /* Products */;
			projectDirPath = "";
			projectRoot = "";
			targets = (
				842932F628B2DC4C0093DE24 /* ErzengelMichael */,
				8429330F28B2DC4E0093DE24 /* ErzengelMichaelTests */,
				8429331928B2DC4E0093DE24 /* ErzengelMichaelUITests */,
			);
		};
/* End PBXProject section */

/* Begin PBXResourcesBuildPhase section */
		842932F528B2DC4C0093DE24 /* Resources */ = {
			isa = PBXResourcesBuildPhase;
			buildActionMask = 2147483647;
			files = (
				8429330A28B2DC4E0093DE24 /* LaunchScreen.storyboard in Resources */,
				8429330728B2DC4E0093DE24 /* Assets.xcassets in Resources */,
				8429330228B2DC4C0093DE24 /* Main.storyboard in Resources */,
				844F532028BA58A200034D24 /* Slide.xib in Resources */,
				8487C6222924459B00458D86 /* Welcome.storyboard in Resources */,
				842BECB22955C22F005D3E86 /* SanctiRosariiMichael.json in Resources */,
			);
			runOnlyForDeploymentPostprocessing = 0;
		};
		8429330E28B2DC4E0093DE24 /* Resources */ = {
			isa = PBXResourcesBuildPhase;
			buildActionMask = 2147483647;
			files = (
			);
			runOnlyForDeploymentPostprocessing = 0;
		};
		8429331828B2DC4E0093DE24 /* Resources */ = {
			isa = PBXResourcesBuildPhase;
			buildActionMask = 2147483647;
			files = (
			);
			runOnlyForDeploymentPostprocessing = 0;
		};
/* End PBXResourcesBuildPhase section */

/* Begin PBXShellScriptBuildPhase section */
		0C9420C5C759DFA29F4A25A6 /* [CP] Embed Pods Frameworks */ = {
			isa = PBXShellScriptBuildPhase;
			buildActionMask = 2147483647;
			files = (
			);
			inputFileListPaths = (
				"${PODS_ROOT}/Target Support Files/Pods-ErzengelMichael-ErzengelMichaelUITests/Pods-ErzengelMichael-ErzengelMichaelUITests-frameworks-${CONFIGURATION}-input-files.xcfilelist",
			);
			name = "[CP] Embed Pods Frameworks";
			outputFileListPaths = (
				"${PODS_ROOT}/Target Support Files/Pods-ErzengelMichael-ErzengelMichaelUITests/Pods-ErzengelMichael-ErzengelMichaelUITests-frameworks-${CONFIGURATION}-output-files.xcfilelist",
			);
			runOnlyForDeploymentPostprocessing = 0;
			shellPath = /bin/sh;
			shellScript = "\"${PODS_ROOT}/Target Support Files/Pods-ErzengelMichael-ErzengelMichaelUITests/Pods-ErzengelMichael-ErzengelMichaelUITests-frameworks.sh\"\n";
			showEnvVarsInLog = 0;
		};
		566D42F11E2E639A0A2C40A6 /* [CP] Check Pods Manifest.lock */ = {
			isa = PBXShellScriptBuildPhase;
			buildActionMask = 2147483647;
			files = (
			);
			inputFileListPaths = (
			);
			inputPaths = (
				"${PODS_PODFILE_DIR_PATH}/Podfile.lock",
				"${PODS_ROOT}/Manifest.lock",
			);
			name = "[CP] Check Pods Manifest.lock";
			outputFileListPaths = (
			);
			outputPaths = (
				"$(DERIVED_FILE_DIR)/Pods-ErzengelMichaelTests-checkManifestLockResult.txt",
			);
			runOnlyForDeploymentPostprocessing = 0;
			shellPath = /bin/sh;
			shellScript = "diff \"${PODS_PODFILE_DIR_PATH}/Podfile.lock\" \"${PODS_ROOT}/Manifest.lock\" > /dev/null\nif [ $? != 0 ] ; then\n    # print error to STDERR\n    echo \"error: The sandbox is not in sync with the Podfile.lock. Run 'pod install' or update your CocoaPods installation.\" >&2\n    exit 1\nfi\n# This output is used by Xcode 'outputs' to avoid re-running this script phase.\necho \"SUCCESS\" > \"${SCRIPT_OUTPUT_FILE_0}\"\n";
			showEnvVarsInLog = 0;
		};
		6E14DC3C4E505B39B42A4989 /* [CP] Embed Pods Frameworks */ = {
			isa = PBXShellScriptBuildPhase;
			buildActionMask = 2147483647;
			files = (
			);
			inputFileListPaths = (
				"${PODS_ROOT}/Target Support Files/Pods-ErzengelMichael/Pods-ErzengelMichael-frameworks-${CONFIGURATION}-input-files.xcfilelist",
			);
			name = "[CP] Embed Pods Frameworks";
			outputFileListPaths = (
				"${PODS_ROOT}/Target Support Files/Pods-ErzengelMichael/Pods-ErzengelMichael-frameworks-${CONFIGURATION}-output-files.xcfilelist",
			);
			runOnlyForDeploymentPostprocessing = 0;
			shellPath = /bin/sh;
			shellScript = "\"${PODS_ROOT}/Target Support Files/Pods-ErzengelMichael/Pods-ErzengelMichael-frameworks.sh\"\n";
			showEnvVarsInLog = 0;
		};
		B5771AA5D921F9EF7F3BCEFF /* [CP] Check Pods Manifest.lock */ = {
			isa = PBXShellScriptBuildPhase;
			buildActionMask = 2147483647;
			files = (
			);
			inputFileListPaths = (
			);
			inputPaths = (
				"${PODS_PODFILE_DIR_PATH}/Podfile.lock",
				"${PODS_ROOT}/Manifest.lock",
			);
			name = "[CP] Check Pods Manifest.lock";
			outputFileListPaths = (
			);
			outputPaths = (
				"$(DERIVED_FILE_DIR)/Pods-ErzengelMichael-ErzengelMichaelUITests-checkManifestLockResult.txt",
			);
			runOnlyForDeploymentPostprocessing = 0;
			shellPath = /bin/sh;
			shellScript = "diff \"${PODS_PODFILE_DIR_PATH}/Podfile.lock\" \"${PODS_ROOT}/Manifest.lock\" > /dev/null\nif [ $? != 0 ] ; then\n    # print error to STDERR\n    echo \"error: The sandbox is not in sync with the Podfile.lock. Run 'pod install' or update your CocoaPods installation.\" >&2\n    exit 1\nfi\n# This output is used by Xcode 'outputs' to avoid re-running this script phase.\necho \"SUCCESS\" > \"${SCRIPT_OUTPUT_FILE_0}\"\n";
			showEnvVarsInLog = 0;
		};
		E72BA46EC441A1A7CC24B5A2 /* [CP] Check Pods Manifest.lock */ = {
			isa = PBXShellScriptBuildPhase;
			buildActionMask = 2147483647;
			files = (
			);
			inputFileListPaths = (
			);
			inputPaths = (
				"${PODS_PODFILE_DIR_PATH}/Podfile.lock",
				"${PODS_ROOT}/Manifest.lock",
			);
			name = "[CP] Check Pods Manifest.lock";
			outputFileListPaths = (
			);
			outputPaths = (
				"$(DERIVED_FILE_DIR)/Pods-ErzengelMichael-checkManifestLockResult.txt",
			);
			runOnlyForDeploymentPostprocessing = 0;
			shellPath = /bin/sh;
			shellScript = "diff \"${PODS_PODFILE_DIR_PATH}/Podfile.lock\" \"${PODS_ROOT}/Manifest.lock\" > /dev/null\nif [ $? != 0 ] ; then\n    # print error to STDERR\n    echo \"error: The sandbox is not in sync with the Podfile.lock. Run 'pod install' or update your CocoaPods installation.\" >&2\n    exit 1\nfi\n# This output is used by Xcode 'outputs' to avoid re-running this script phase.\necho \"SUCCESS\" > \"${SCRIPT_OUTPUT_FILE_0}\"\n";
			showEnvVarsInLog = 0;
		};
/* End PBXShellScriptBuildPhase section */

/* Begin PBXSourcesBuildPhase section */
		842932F328B2DC4C0093DE24 /* Sources */ = {
			isa = PBXSourcesBuildPhase;
			buildActionMask = 2147483647;
			files = (
				84FA1C292928F6870016ED26 /* IndulgencesPiusViewController.swift in Sources */,
				846C0AD92909C61C001456F3 /* PromisesMichaelViewController.swift in Sources */,
				8487C61629243ADF00458D86 /* WelcomeViewController.swift in Sources */,
				842932FF28B2DC4C0093DE24 /* ViewController.swift in Sources */,
				842932FB28B2DC4C0093DE24 /* AppDelegate.swift in Sources */,
				841A7AEF29142AE000CC946F /* VerticallyCenteredTextView.swift in Sources */,
				84582CA42932A4D300D7CE11 /* PopeLeoPrayerViewController.swift in Sources */,
				846851CB28FC821200942E2A /* SettingsViewController.swift in Sources */,
				8444CCAF28C39408002C819B /* AppDetails.swift in Sources */,
				8420BA1328FB309D000575A5 /* Slide.swift in Sources */,
				842932FD28B2DC4C0093DE24 /* SceneDelegate.swift in Sources */,
				8429330528B2DC4C0093DE24 /* ErzengelMichael.xcdatamodeld in Sources */,
				84582CA62932A4E000D7CE11 /* LitanyViewController.swift in Sources */,
			);
			runOnlyForDeploymentPostprocessing = 0;
		};
		8429330C28B2DC4E0093DE24 /* Sources */ = {
			isa = PBXSourcesBuildPhase;
			buildActionMask = 2147483647;
			files = (
				8429331528B2DC4E0093DE24 /* ErzengelMichaelTests.swift in Sources */,
			);
			runOnlyForDeploymentPostprocessing = 0;
		};
		8429331628B2DC4E0093DE24 /* Sources */ = {
			isa = PBXSourcesBuildPhase;
			buildActionMask = 2147483647;
			files = (
				8429332128B2DC4E0093DE24 /* ErzengelMichaelUITestsLaunchTests.swift in Sources */,
				8429331F28B2DC4E0093DE24 /* ErzengelMichaelUITests.swift in Sources */,
			);
			runOnlyForDeploymentPostprocessing = 0;
		};
/* End PBXSourcesBuildPhase section */

/* Begin PBXTargetDependency section */
		8429331228B2DC4E0093DE24 /* PBXTargetDependency */ = {
			isa = PBXTargetDependency;
			target = 842932F628B2DC4C0093DE24 /* ErzengelMichael */;
			targetProxy = 8429331128B2DC4E0093DE24 /* PBXContainerItemProxy */;
		};
		8429331C28B2DC4E0093DE24 /* PBXTargetDependency */ = {
			isa = PBXTargetDependency;
			target = 842932F628B2DC4C0093DE24 /* ErzengelMichael */;
			targetProxy = 8429331B28B2DC4E0093DE24 /* PBXContainerItemProxy */;
		};
/* End PBXTargetDependency section */

/* Begin PBXVariantGroup section */
		8429330028B2DC4C0093DE24 /* Main.storyboard */ = {
			isa = PBXVariantGroup;
			children = (
				8429330128B2DC4C0093DE24 /* Base */,
			);
			name = Main.storyboard;
			sourceTree = "<group>";
		};
		8429330828B2DC4E0093DE24 /* LaunchScreen.storyboard */ = {
			isa = PBXVariantGroup;
			children = (
				8429330928B2DC4E0093DE24 /* Base */,
			);
			name = LaunchScreen.storyboard;
			sourceTree = "<group>";
		};
/* End PBXVariantGroup section */

/* Begin XCBuildConfiguration section */
		8429332228B2DC4E0093DE24 /* Debug */ = {
			isa = XCBuildConfiguration;
			buildSettings = {
				ALWAYS_SEARCH_USER_PATHS = NO;
				CLANG_ANALYZER_NONNULL = YES;
				CLANG_ANALYZER_NUMBER_OBJECT_CONVERSION = YES_AGGRESSIVE;
				CLANG_CXX_LANGUAGE_STANDARD = "gnu++17";
				CLANG_ENABLE_MODULES = YES;
				CLANG_ENABLE_OBJC_ARC = YES;
				CLANG_ENABLE_OBJC_WEAK = YES;
				CLANG_WARN_BLOCK_CAPTURE_AUTORELEASING = YES;
				CLANG_WARN_BOOL_CONVERSION = YES;
				CLANG_WARN_COMMA = YES;
				CLANG_WARN_CONSTANT_CONVERSION = YES;
				CLANG_WARN_DEPRECATED_OBJC_IMPLEMENTATIONS = YES;
				CLANG_WARN_DIRECT_OBJC_ISA_USAGE = YES_ERROR;
				CLANG_WARN_DOCUMENTATION_COMMENTS = YES;
				CLANG_WARN_EMPTY_BODY = YES;
				CLANG_WARN_ENUM_CONVERSION = YES;
				CLANG_WARN_INFINITE_RECURSION = YES;
				CLANG_WARN_INT_CONVERSION = YES;
				CLANG_WARN_NON_LITERAL_NULL_CONVERSION = YES;
				CLANG_WARN_OBJC_IMPLICIT_RETAIN_SELF = YES;
				CLANG_WARN_OBJC_LITERAL_CONVERSION = YES;
				CLANG_WARN_OBJC_ROOT_CLASS = YES_ERROR;
				CLANG_WARN_QUOTED_INCLUDE_IN_FRAMEWORK_HEADER = YES;
				CLANG_WARN_RANGE_LOOP_ANALYSIS = YES;
				CLANG_WARN_STRICT_PROTOTYPES = YES;
				CLANG_WARN_SUSPICIOUS_MOVE = YES;
				CLANG_WARN_UNGUARDED_AVAILABILITY = YES_AGGRESSIVE;
				CLANG_WARN_UNREACHABLE_CODE = YES;
				CLANG_WARN__DUPLICATE_METHOD_MATCH = YES;
				COPY_PHASE_STRIP = NO;
				DEBUG_INFORMATION_FORMAT = dwarf;
				ENABLE_STRICT_OBJC_MSGSEND = YES;
				ENABLE_TESTABILITY = YES;
				GCC_C_LANGUAGE_STANDARD = gnu11;
				GCC_DYNAMIC_NO_PIC = NO;
				GCC_NO_COMMON_BLOCKS = YES;
				GCC_OPTIMIZATION_LEVEL = 0;
				GCC_PREPROCESSOR_DEFINITIONS = (
					"DEBUG=1",
					"$(inherited)",
				);
				GCC_WARN_64_TO_32_BIT_CONVERSION = YES;
				GCC_WARN_ABOUT_RETURN_TYPE = YES_ERROR;
				GCC_WARN_UNDECLARED_SELECTOR = YES;
				GCC_WARN_UNINITIALIZED_AUTOS = YES_AGGRESSIVE;
				GCC_WARN_UNUSED_FUNCTION = YES;
				GCC_WARN_UNUSED_VARIABLE = YES;
				IPHONEOS_DEPLOYMENT_TARGET = 15.5;
				MTL_ENABLE_DEBUG_INFO = INCLUDE_SOURCE;
				MTL_FAST_MATH = YES;
				ONLY_ACTIVE_ARCH = YES;
				SDKROOT = iphoneos;
				SWIFT_ACTIVE_COMPILATION_CONDITIONS = DEBUG;
				SWIFT_OPTIMIZATION_LEVEL = "-Onone";
			};
			name = Debug;
		};
		8429332328B2DC4E0093DE24 /* Release */ = {
			isa = XCBuildConfiguration;
			buildSettings = {
				ALWAYS_SEARCH_USER_PATHS = NO;
				CLANG_ANALYZER_NONNULL = YES;
				CLANG_ANALYZER_NUMBER_OBJECT_CONVERSION = YES_AGGRESSIVE;
				CLANG_CXX_LANGUAGE_STANDARD = "gnu++17";
				CLANG_ENABLE_MODULES = YES;
				CLANG_ENABLE_OBJC_ARC = YES;
				CLANG_ENABLE_OBJC_WEAK = YES;
				CLANG_WARN_BLOCK_CAPTURE_AUTORELEASING = YES;
				CLANG_WARN_BOOL_CONVERSION = YES;
				CLANG_WARN_COMMA = YES;
				CLANG_WARN_CONSTANT_CONVERSION = YES;
				CLANG_WARN_DEPRECATED_OBJC_IMPLEMENTATIONS = YES;
				CLANG_WARN_DIRECT_OBJC_ISA_USAGE = YES_ERROR;
				CLANG_WARN_DOCUMENTATION_COMMENTS = YES;
				CLANG_WARN_EMPTY_BODY = YES;
				CLANG_WARN_ENUM_CONVERSION = YES;
				CLANG_WARN_INFINITE_RECURSION = YES;
				CLANG_WARN_INT_CONVERSION = YES;
				CLANG_WARN_NON_LITERAL_NULL_CONVERSION = YES;
				CLANG_WARN_OBJC_IMPLICIT_RETAIN_SELF = YES;
				CLANG_WARN_OBJC_LITERAL_CONVERSION = YES;
				CLANG_WARN_OBJC_ROOT_CLASS = YES_ERROR;
				CLANG_WARN_QUOTED_INCLUDE_IN_FRAMEWORK_HEADER = YES;
				CLANG_WARN_RANGE_LOOP_ANALYSIS = YES;
				CLANG_WARN_STRICT_PROTOTYPES = YES;
				CLANG_WARN_SUSPICIOUS_MOVE = YES;
				CLANG_WARN_UNGUARDED_AVAILABILITY = YES_AGGRESSIVE;
				CLANG_WARN_UNREACHABLE_CODE = YES;
				CLANG_WARN__DUPLICATE_METHOD_MATCH = YES;
				COPY_PHASE_STRIP = NO;
				DEBUG_INFORMATION_FORMAT = "dwarf-with-dsym";
				ENABLE_NS_ASSERTIONS = NO;
				ENABLE_STRICT_OBJC_MSGSEND = YES;
				GCC_C_LANGUAGE_STANDARD = gnu11;
				GCC_NO_COMMON_BLOCKS = YES;
				GCC_WARN_64_TO_32_BIT_CONVERSION = YES;
				GCC_WARN_ABOUT_RETURN_TYPE = YES_ERROR;
				GCC_WARN_UNDECLARED_SELECTOR = YES;
				GCC_WARN_UNINITIALIZED_AUTOS = YES_AGGRESSIVE;
				GCC_WARN_UNUSED_FUNCTION = YES;
				GCC_WARN_UNUSED_VARIABLE = YES;
				IPHONEOS_DEPLOYMENT_TARGET = 15.5;
				MTL_ENABLE_DEBUG_INFO = NO;
				MTL_FAST_MATH = YES;
				SDKROOT = iphoneos;
				SWIFT_COMPILATION_MODE = wholemodule;
				SWIFT_OPTIMIZATION_LEVEL = "-O";
				VALIDATE_PRODUCT = YES;
			};
			name = Release;
		};
		8429332528B2DC4E0093DE24 /* Debug */ = {
			isa = XCBuildConfiguration;
			baseConfigurationReference = E2E5E848E6BF5C1F20B4E471 /* Pods-ErzengelMichael.debug.xcconfig */;
			buildSettings = {
				ASSETCATALOG_COMPILER_APPICON_NAME = AppIcon;
				ASSETCATALOG_COMPILER_GLOBAL_ACCENT_COLOR_NAME = AccentColor;
				CODE_SIGN_STYLE = Automatic;
				CURRENT_PROJECT_VERSION = 1;
				DEVELOPMENT_TEAM = JML7X85FG3;
				GENERATE_INFOPLIST_FILE = YES;
				INFOPLIST_FILE = ErzengelMichael/Info.plist;
				INFOPLIST_KEY_CFBundleDisplayName = "Sancti Rosarii Michael";
				INFOPLIST_KEY_UIApplicationSupportsIndirectInputEvents = YES;
				INFOPLIST_KEY_UILaunchStoryboardName = LaunchScreen.storyboard;
				INFOPLIST_KEY_UIMainStoryboardFile = Main;
				INFOPLIST_KEY_UISupportedInterfaceOrientations = "UIInterfaceOrientationPortrait UIInterfaceOrientationPortraitUpsideDown";
				IPHONEOS_DEPLOYMENT_TARGET = 16.1;
				LD_RUNPATH_SEARCH_PATHS = (
					"$(inherited)",
					"@executable_path/Frameworks",
				);
				MARKETING_VERSION = 1.0;
				PRODUCT_BUNDLE_IDENTIFIER = com.robertkomarek.ErzengelMichael;
				PRODUCT_NAME = "$(TARGET_NAME)";
				SUPPORTED_PLATFORMS = "iphoneos iphonesimulator macosx";
				SUPPORTS_MACCATALYST = NO;
				SUPPORTS_MAC_DESIGNED_FOR_IPHONE_IPAD = NO;
				SWIFT_EMIT_LOC_STRINGS = YES;
				SWIFT_VERSION = 5.0;
				TARGETED_DEVICE_FAMILY = "1,2";
			};
			name = Debug;
		};
		8429332628B2DC4E0093DE24 /* Release */ = {
			isa = XCBuildConfiguration;
			baseConfigurationReference = 1C9EF654B1C55FF9F185F4F5 /* Pods-ErzengelMichael.release.xcconfig */;
			buildSettings = {
				ASSETCATALOG_COMPILER_APPICON_NAME = AppIcon;
				ASSETCATALOG_COMPILER_GLOBAL_ACCENT_COLOR_NAME = AccentColor;
				CODE_SIGN_STYLE = Automatic;
				CURRENT_PROJECT_VERSION = 1;
				DEVELOPMENT_TEAM = JML7X85FG3;
				GENERATE_INFOPLIST_FILE = YES;
				INFOPLIST_FILE = ErzengelMichael/Info.plist;
				INFOPLIST_KEY_CFBundleDisplayName = "Sancti Rosarii Michael";
				INFOPLIST_KEY_UIApplicationSupportsIndirectInputEvents = YES;
				INFOPLIST_KEY_UILaunchStoryboardName = LaunchScreen.storyboard;
				INFOPLIST_KEY_UIMainStoryboardFile = Main;
				INFOPLIST_KEY_UISupportedInterfaceOrientations = "UIInterfaceOrientationPortrait UIInterfaceOrientationPortraitUpsideDown";
				IPHONEOS_DEPLOYMENT_TARGET = 16.1;
				LD_RUNPATH_SEARCH_PATHS = (
					"$(inherited)",
					"@executable_path/Frameworks",
				);
				MARKETING_VERSION = 1.0;
				PRODUCT_BUNDLE_IDENTIFIER = com.robertkomarek.ErzengelMichael;
				PRODUCT_NAME = "$(TARGET_NAME)";
				SUPPORTED_PLATFORMS = "iphoneos iphonesimulator macosx";
				SUPPORTS_MACCATALYST = NO;
				SUPPORTS_MAC_DESIGNED_FOR_IPHONE_IPAD = NO;
				SWIFT_EMIT_LOC_STRINGS = YES;
				SWIFT_VERSION = 5.0;
				TARGETED_DEVICE_FAMILY = "1,2";
			};
			name = Release;
		};
		8429332828B2DC4E0093DE24 /* Debug */ = {
			isa = XCBuildConfiguration;
			baseConfigurationReference = 36470884D113569CA8B7A3C9 /* Pods-ErzengelMichaelTests.debug.xcconfig */;
			buildSettings = {
				ALWAYS_EMBED_SWIFT_STANDARD_LIBRARIES = YES;
				BUNDLE_LOADER = "$(TEST_HOST)";
				CODE_SIGN_STYLE = Automatic;
				CURRENT_PROJECT_VERSION = 1;
				DEVELOPMENT_TEAM = JML7X85FG3;
				GENERATE_INFOPLIST_FILE = YES;
				IPHONEOS_DEPLOYMENT_TARGET = 15.5;
				MARKETING_VERSION = 1.0;
				PRODUCT_BUNDLE_IDENTIFIER = com.robertkomarek.ErzengelMichaelTests;
				PRODUCT_NAME = "$(TARGET_NAME)";
				SWIFT_EMIT_LOC_STRINGS = NO;
				SWIFT_VERSION = 5.0;
				TARGETED_DEVICE_FAMILY = "1,2";
				TEST_HOST = "$(BUILT_PRODUCTS_DIR)/ErzengelMichael.app/ErzengelMichael";
			};
			name = Debug;
		};
		8429332928B2DC4E0093DE24 /* Release */ = {
			isa = XCBuildConfiguration;
			baseConfigurationReference = EBB79301B550D1BABEFF78CE /* Pods-ErzengelMichaelTests.release.xcconfig */;
			buildSettings = {
				ALWAYS_EMBED_SWIFT_STANDARD_LIBRARIES = YES;
				BUNDLE_LOADER = "$(TEST_HOST)";
				CODE_SIGN_STYLE = Automatic;
				CURRENT_PROJECT_VERSION = 1;
				DEVELOPMENT_TEAM = JML7X85FG3;
				GENERATE_INFOPLIST_FILE = YES;
				IPHONEOS_DEPLOYMENT_TARGET = 15.5;
				MARKETING_VERSION = 1.0;
				PRODUCT_BUNDLE_IDENTIFIER = com.robertkomarek.ErzengelMichaelTests;
				PRODUCT_NAME = "$(TARGET_NAME)";
				SWIFT_EMIT_LOC_STRINGS = NO;
				SWIFT_VERSION = 5.0;
				TARGETED_DEVICE_FAMILY = "1,2";
				TEST_HOST = "$(BUILT_PRODUCTS_DIR)/ErzengelMichael.app/ErzengelMichael";
			};
			name = Release;
		};
		8429332B28B2DC4E0093DE24 /* Debug */ = {
			isa = XCBuildConfiguration;
			baseConfigurationReference = 716A4DE30730AB1D452133D0 /* Pods-ErzengelMichael-ErzengelMichaelUITests.debug.xcconfig */;
			buildSettings = {
				ALWAYS_EMBED_SWIFT_STANDARD_LIBRARIES = YES;
				CODE_SIGN_STYLE = Automatic;
				CURRENT_PROJECT_VERSION = 1;
				DEVELOPMENT_TEAM = JML7X85FG3;
				GENERATE_INFOPLIST_FILE = YES;
				MARKETING_VERSION = 1.0;
				PRODUCT_BUNDLE_IDENTIFIER = com.robertkomarek.ErzengelMichaelUITests;
				PRODUCT_NAME = "$(TARGET_NAME)";
				SWIFT_EMIT_LOC_STRINGS = NO;
				SWIFT_VERSION = 5.0;
				TARGETED_DEVICE_FAMILY = "1,2";
				TEST_TARGET_NAME = ErzengelMichael;
			};
			name = Debug;
		};
		8429332C28B2DC4E0093DE24 /* Release */ = {
			isa = XCBuildConfiguration;
			baseConfigurationReference = 5879DC3C74C12E67D0FF0BA4 /* Pods-ErzengelMichael-ErzengelMichaelUITests.release.xcconfig */;
			buildSettings = {
				ALWAYS_EMBED_SWIFT_STANDARD_LIBRARIES = YES;
				CODE_SIGN_STYLE = Automatic;
				CURRENT_PROJECT_VERSION = 1;
				DEVELOPMENT_TEAM = JML7X85FG3;
				GENERATE_INFOPLIST_FILE = YES;
				MARKETING_VERSION = 1.0;
				PRODUCT_BUNDLE_IDENTIFIER = com.robertkomarek.ErzengelMichaelUITests;
				PRODUCT_NAME = "$(TARGET_NAME)";
				SWIFT_EMIT_LOC_STRINGS = NO;
				SWIFT_VERSION = 5.0;
				TARGETED_DEVICE_FAMILY = "1,2";
				TEST_TARGET_NAME = ErzengelMichael;
			};
			name = Release;
		};
/* End XCBuildConfiguration section */

/* Begin XCConfigurationList section */
		842932F228B2DC4C0093DE24 /* Build configuration list for PBXProject "ErzengelMichael" */ = {
			isa = XCConfigurationList;
			buildConfigurations = (
				8429332228B2DC4E0093DE24 /* Debug */,
				8429332328B2DC4E0093DE24 /* Release */,
			);
			defaultConfigurationIsVisible = 0;
			defaultConfigurationName = Release;
		};
		8429332428B2DC4E0093DE24 /* Build configuration list for PBXNativeTarget "ErzengelMichael" */ = {
			isa = XCConfigurationList;
			buildConfigurations = (
				8429332528B2DC4E0093DE24 /* Debug */,
				8429332628B2DC4E0093DE24 /* Release */,
			);
			defaultConfigurationIsVisible = 0;
			defaultConfigurationName = Release;
		};
		8429332728B2DC4E0093DE24 /* Build configuration list for PBXNativeTarget "ErzengelMichaelTests" */ = {
			isa = XCConfigurationList;
			buildConfigurations = (
				8429332828B2DC4E0093DE24 /* Debug */,
				8429332928B2DC4E0093DE24 /* Release */,
			);
			defaultConfigurationIsVisible = 0;
			defaultConfigurationName = Release;
		};
		8429332A28B2DC4E0093DE24 /* Build configuration list for PBXNativeTarget "ErzengelMichaelUITests" */ = {
			isa = XCConfigurationList;
			buildConfigurations = (
				8429332B28B2DC4E0093DE24 /* Debug */,
				8429332C28B2DC4E0093DE24 /* Release */,
			);
			defaultConfigurationIsVisible = 0;
			defaultConfigurationName = Release;
		};
/* End XCConfigurationList section */

/* Begin XCVersionGroup section */
		8429330328B2DC4C0093DE24 /* ErzengelMichael.xcdatamodeld */ = {
			isa = XCVersionGroup;
			children = (
				8429330428B2DC4C0093DE24 /* ErzengelMichael.xcdatamodel */,
			);
			currentVersion = 8429330428B2DC4C0093DE24 /* ErzengelMichael.xcdatamodel */;
			path = ErzengelMichael.xcdatamodeld;
			sourceTree = "<group>";
			versionGroupType = wrapper.xcdatamodel;
		};
/* End XCVersionGroup section */
	};
	rootObject = 842932EF28B2DC4C0093DE24 /* Project object */;
}
